
Microsoft Visual Studio Solution File, Format Version 12.00
# Visual Studio Version 16
VisualStudioVersion = 16.0.31613.86
MinimumVisualStudioVersion = 10.0.40219.1
Project("{FAE04EC0-301F-11D3-BF4B-00C04F79EFBC}") = "Debounce.WPF", "Debounce\Debounce.WPF.csproj", "{F8DC5777-C4AC-4DF4-B9B5-F149844FDEB6}"
EndProject
Project("{FAE04EC0-301F-11D3-BF4B-00C04F79EFBC}") = "Debounce.Core", "Debounce.Core\Debounce.Core.csproj", "{ED79F72A-C4C1-4147-81BE-3A45C5E7DCD1}"
EndProject
Global
	GlobalSection(SolutionConfigurationPlatforms) = preSolution
		Debug|Any CPU = Debug|Any CPU
		Release|Any CPU = Release|Any CPU
	EndGlobalSection
	GlobalSection(ProjectConfigurationPlatforms) = postSolution
		{F8DC5777-C4AC-4DF4-B9B5-F149844FDEB6}.Debug|Any CPU.ActiveCfg = Debug|Any CPU
		{F8DC5777-C4AC-4DF4-B9B5-F149844FDEB6}.Debug|Any CPU.Build.0 = Debug|Any CPU
		{F8DC5777-C4AC-4DF4-B9B5-F149844FDEB6}.Release|Any CPU.ActiveCfg = Release|Any CPU
		{F8DC5777-C4AC-4DF4-B9B5-F149844FDEB6}.Release|Any CPU.Build.0 = Release|Any CPU
		{ED79F72A-C4C1-4147-81BE-3A45C5E7DCD1}.Debug|Any CPU.ActiveCfg = Debug|Any CPU
		{ED79F72A-C4C1-4147-81BE-3A45C5E7DCD1}.Debug|Any CPU.Build.0 = Debug|Any CPU
		{ED79F72A-C4C1-4147-81BE-3A45C5E7DCD1}.Release|Any CPU.ActiveCfg = Release|Any CPU
		{ED79F72A-C4C1-4147-81BE-3A45C5E7DCD1}.Release|Any CPU.Build.0 = Release|Any CPU
	EndGlobalSection
	GlobalSection(SolutionProperties) = preSolution
		HideSolutionNode = FALSE
	EndGlobalSection
	GlobalSection(ExtensibilityGlobals) = postSolution
		SolutionGuid = {6C07BEA3-9A17-4311-85B7-61DDCCA87C19}
	EndGlobalSection
EndGlobal
